
Microsoft Visual Studio Solution File, Format Version 12.00
# Visual Studio Version 17
VisualStudioVersion = 17.9.34310.174
MinimumVisualStudioVersion = 10.0.40219.1
Project("{FAE04EC0-301F-11D3-BF4B-00C04F79EFBC}") = "directory-reader", "directory-reader\directory-reader.csproj", "{625B7EEC-F7B6-48B3-91C0-2BD20C41181D}"
EndProject
Global
	GlobalSection(SolutionConfigurationPlatforms) = preSolution
		Debug|Any CPU = Debug|Any CPU
		Release|Any CPU = Release|Any CPU
	EndGlobalSection
	GlobalSection(ProjectConfigurationPlatforms) = postSolution
		{625B7EEC-F7B6-48B3-91C0-2BD20C41181D}.Debug|Any CPU.ActiveCfg = Debug|Any CPU
		{625B7EEC-F7B6-48B3-91C0-2BD20C41181D}.Debug|Any CPU.Build.0 = Debug|Any CPU
		{625B7EEC-F7B6-48B3-91C0-2BD20C41181D}.Release|Any CPU.ActiveCfg = Release|Any CPU
		{625B7EEC-F7B6-48B3-91C0-2BD20C41181D}.Release|Any CPU.Build.0 = Release|Any CPU
	EndGlobalSection
	GlobalSection(SolutionProperties) = preSolution
		HideSolutionNode = FALSE
	EndGlobalSection
	GlobalSection(ExtensibilityGlobals) = postSolution
		SolutionGuid = {E87993C3-AC77-4FC2-A5A9-E6134B0AAACF}
	EndGlobalSection
EndGlobal
